
Microsoft Visual Studio Solution File, Format Version 12.00
# Visual Studio Version 17
VisualStudioVersion = 17.7.34024.191
MinimumVisualStudioVersion = 10.0.40219.1
Project("{8BC9CEB8-8B4A-11D0-8D11-00A0C91BC942}") = "MicJikken", "MicJikken\MicJikken.vcxproj", "{04EF4CA6-65C4-44E4-ADB1-FA6A6C557CCF}"
EndProject
Project("{FAE04EC0-301F-11D3-BF4B-00C04F79EFBC}") = "MicJikkenCs", "MicJikkenCs\MicJikkenCs.csproj", "{A1EC199F-1AEF-4B6E-B6A7-8487B226EFBE}"
EndProject
Global
	GlobalSection(SolutionConfigurationPlatforms) = preSolution
		Debug|Any CPU = Debug|Any CPU
		Debug|x64 = Debug|x64
		Debug|x86 = Debug|x86
		Release|Any CPU = Release|Any CPU
		Release|x64 = Release|x64
		Release|x86 = Release|x86
	EndGlobalSection
	GlobalSection(ProjectConfigurationPlatforms) = postSolution
		{04EF4CA6-65C4-44E4-ADB1-FA6A6C557CCF}.Debug|Any CPU.ActiveCfg = Debug|x64
		{04EF4CA6-65C4-44E4-ADB1-FA6A6C557CCF}.Debug|Any CPU.Build.0 = Debug|x64
		{04EF4CA6-65C4-44E4-ADB1-FA6A6C557CCF}.Debug|x64.ActiveCfg = Debug|x64
		{04EF4CA6-65C4-44E4-ADB1-FA6A6C557CCF}.Debug|x64.Build.0 = Debug|x64
		{04EF4CA6-65C4-44E4-ADB1-FA6A6C557CCF}.Debug|x86.ActiveCfg = Debug|Win32
		{04EF4CA6-65C4-44E4-ADB1-FA6A6C557CCF}.Debug|x86.Build.0 = Debug|Win32
		{04EF4CA6-65C4-44E4-ADB1-FA6A6C557CCF}.Release|Any CPU.ActiveCfg = Release|x64
		{04EF4CA6-65C4-44E4-ADB1-FA6A6C557CCF}.Release|Any CPU.Build.0 = Release|x64
		{04EF4CA6-65C4-44E4-ADB1-FA6A6C557CCF}.Release|x64.ActiveCfg = Release|x64
		{04EF4CA6-65C4-44E4-ADB1-FA6A6C557CCF}.Release|x64.Build.0 = Release|x64
		{04EF4CA6-65C4-44E4-ADB1-FA6A6C557CCF}.Release|x86.ActiveCfg = Release|Win32
		{04EF4CA6-65C4-44E4-ADB1-FA6A6C557CCF}.Release|x86.Build.0 = Release|Win32
		{A1EC199F-1AEF-4B6E-B6A7-8487B226EFBE}.Debug|Any CPU.ActiveCfg = Debug|Any CPU
		{A1EC199F-1AEF-4B6E-B6A7-8487B226EFBE}.Debug|Any CPU.Build.0 = Debug|Any CPU
		{A1EC199F-1AEF-4B6E-B6A7-8487B226EFBE}.Debug|x64.ActiveCfg = Debug|Any CPU
		{A1EC199F-1AEF-4B6E-B6A7-8487B226EFBE}.Debug|x64.Build.0 = Debug|Any CPU
		{A1EC199F-1AEF-4B6E-B6A7-8487B226EFBE}.Debug|x86.ActiveCfg = Debug|Any CPU
		{A1EC199F-1AEF-4B6E-B6A7-8487B226EFBE}.Debug|x86.Build.0 = Debug|Any CPU
		{A1EC199F-1AEF-4B6E-B6A7-8487B226EFBE}.Release|Any CPU.ActiveCfg = Release|Any CPU
		{A1EC199F-1AEF-4B6E-B6A7-8487B226EFBE}.Release|Any CPU.Build.0 = Release|Any CPU
		{A1EC199F-1AEF-4B6E-B6A7-8487B226EFBE}.Release|x64.ActiveCfg = Release|Any CPU
		{A1EC199F-1AEF-4B6E-B6A7-8487B226EFBE}.Release|x64.Build.0 = Release|Any CPU
		{A1EC199F-1AEF-4B6E-B6A7-8487B226EFBE}.Release|x86.ActiveCfg = Release|Any CPU
		{A1EC199F-1AEF-4B6E-B6A7-8487B226EFBE}.Release|x86.Build.0 = Release|Any CPU
	EndGlobalSection
	GlobalSection(SolutionProperties) = preSolution
		HideSolutionNode = FALSE
	EndGlobalSection
	GlobalSection(ExtensibilityGlobals) = postSolution
		SolutionGuid = {0974AC5A-9B3E-4AD9-BD89-74C616195D67}
	EndGlobalSection
EndGlobal
