
Microsoft Visual Studio Solution File, Format Version 12.00
# Visual Studio Version 17
VisualStudioVersion = 17.7.34024.191
MinimumVisualStudioVersion = 10.0.40219.1
Project("{8BC9CEB8-8B4A-11D0-8D11-00A0C91BC942}") = "MicJikken", "MicJikken\MicJikken.vcxproj", "{04EF4CA6-65C4-44E4-ADB1-FA6A6C557CCF}"
EndProject
Project("{9A19103F-16F7-4668-BE54-9A1E7A4F7556}") = "MicJikkenCs", "MicJikkenCs\MicJikkenCs.csproj", "{A1EC199F-1AEF-4B6E-B6A7-8487B226EFBE}"
EndProject
Project("{FAE04EC0-301F-11D3-BF4B-00C04F79EFBC}") = "MicJikkenCsWithCsWin32", "MicJikkenCsWithCsWin32\MicJikkenCsWithCsWin32.csproj", "{E0DAB6BE-251B-4A25-85F0-94EFB84739FC}"
EndProject
Global
	GlobalSection(SolutionConfigurationPlatforms) = preSolution
		Debug|x64 = Debug|x64
		Release|x64 = Release|x64
	EndGlobalSection
	GlobalSection(ProjectConfigurationPlatforms) = postSolution
		{04EF4CA6-65C4-44E4-ADB1-FA6A6C557CCF}.Debug|x64.ActiveCfg = Debug|x64
		{04EF4CA6-65C4-44E4-ADB1-FA6A6C557CCF}.Debug|x64.Build.0 = Debug|x64
		{04EF4CA6-65C4-44E4-ADB1-FA6A6C557CCF}.Release|x64.ActiveCfg = Release|x64
		{04EF4CA6-65C4-44E4-ADB1-FA6A6C557CCF}.Release|x64.Build.0 = Release|x64
		{A1EC199F-1AEF-4B6E-B6A7-8487B226EFBE}.Debug|x64.ActiveCfg = Debug|x64
		{A1EC199F-1AEF-4B6E-B6A7-8487B226EFBE}.Release|x64.ActiveCfg = Release|x64
		{E0DAB6BE-251B-4A25-85F0-94EFB84739FC}.Debug|x64.ActiveCfg = Debug|x64
		{E0DAB6BE-251B-4A25-85F0-94EFB84739FC}.Debug|x64.Build.0 = Debug|x64
		{E0DAB6BE-251B-4A25-85F0-94EFB84739FC}.Release|x64.ActiveCfg = Release|x64
	EndGlobalSection
	GlobalSection(SolutionProperties) = preSolution
		HideSolutionNode = FALSE
	EndGlobalSection
	GlobalSection(ExtensibilityGlobals) = postSolution
		SolutionGuid = {0974AC5A-9B3E-4AD9-BD89-74C616195D67}
	EndGlobalSection
EndGlobal
